PODS:
  - AFNetworking (4.0.1):
    - AFNetworking/NSURLSession (= 4.0.1)
    - AFNetworking/Reachability (= 4.0.1)
    - AFNetworking/Security (= 4.0.1)
    - AFNetworking/Serialization (= 4.0.1)
    - AFNetworking/UIKit (= 4.0.1)
  - AFNetworking/NSURLSession (4.0.1):
    - AFNetworking/Reachability
    - AFNetworking/Security
    - AFNetworking/Serialization
  - AFNetworking/Reachability (4.0.1)
  - AFNetworking/Security (4.0.1)
  - AFNetworking/Serialization (4.0.1)
  - AFNetworking/UIKit (4.0.1):
    - AFNetworking/NSURLSession
  - Masonry (1.0.2)
  - MBProgressHUD (1.2.0)
  - NTESBaseComponent (1.8)
  - NTESLiveDetect (3.1.9):
    - NTESBaseComponent
    - NTESLiveDetect/Basic (= 3.1.9)
    - NTESLiveDetect/Nenn (= 3.1.9)
  - NTESLiveDetect/Basic (3.1.9):
    - NTESBaseComponent
  - NTESLiveDetect/Nenn (3.1.9):
    - NTESBaseComponent
  - WHToast (0.0.7)

DEPENDENCIES:
  - AFNetworking
  - Masonry (~> 1.0.2)
  - MBProgressHUD
  - NTESLiveDetect (= 3.1.9)
  - WHToast

SPEC REPOS:
  https://github.com/CocoaPods/Specs.git:
    - AFNetworking
    - Masonry
    - MBProgressHUD
    - NTESBaseComponent
    - NTESLiveDetect
    - WHToast

SPEC CHECKSUMS:
  AFNetworking: 3bd23d814e976cd148d7d44c3ab78017b744cd58
  Masonry: 7c429b56da9d4ee0bbb3ed77a5ea710d6a5df39e
  MBProgressHUD: 3ee5efcc380f6a79a7cc9b363dd669c5e1ae7406
  NTESBaseComponent: 7b310e7e80bb6c27183176188b98356d200dbbc5
  NTESLiveDetect: 6adbb0fa0ca052de04226ad609b0832b87372fb3
  WHToast: 11a17a3f09f5f733e32bd6f3338919a448cbb719

PODFILE CHECKSUM: 2188e056fd9168ae3d76531f245f74b6954b7ca2

COCOAPODS: 1.13.0
